
Microsoft Visual Studio Solution File, Format Version 12.00
# Visual Studio Version 17
VisualStudioVersion = 17.3.32929.385
MinimumVisualStudioVersion = 10.0.40219.1
Project("{FAE04EC0-301F-11D3-BF4B-00C04F79EFBC}") = "GarmentZone", "GarmentZone.csproj", "{225E77E6-9B69-4436-AF62-69C3A3268313}"
EndProject
Global
	GlobalSection(SolutionConfigurationPlatforms) = preSolution
		Debug|Any CPU = Debug|Any CPU
		Release|Any CPU = Release|Any CPU
	EndGlobalSection
	GlobalSection(ProjectConfigurationPlatforms) = postSolution
		{225E77E6-9B69-4436-AF62-69C3A3268313}.Debug|Any CPU.ActiveCfg = Debug|Any CPU
		{225E77E6-9B69-4436-AF62-69C3A3268313}.Debug|Any CPU.Build.0 = Debug|Any CPU
		{225E77E6-9B69-4436-AF62-69C3A3268313}.Release|Any CPU.ActiveCfg = Release|Any CPU
		{225E77E6-9B69-4436-AF62-69C3A3268313}.Release|Any CPU.Build.0 = Release|Any CPU
	EndGlobalSection
	GlobalSection(SolutionProperties) = preSolution
		HideSolutionNode = FALSE
	EndGlobalSection
	GlobalSection(ExtensibilityGlobals) = postSolution
		SolutionGuid = {A40D4BE8-B122-422D-B68C-F3DFE96ABBC6}
	EndGlobalSection
EndGlobal
